
Microsoft Visual Studio Solution File, Format Version 12.00
# Visual Studio 15
VisualStudioVersion = 15.0.26124.0
MinimumVisualStudioVersion = 15.0.26124.0
Project("{9A19103F-16F7-4668-BE54-9A1E7A4F7556}") = "R5T.D0002.Construction", "R5T.D0002.Construction\R5T.D0002.Construction.csproj", "{329CA4BF-3C3E-4AB6-98A7-75D7FF7BB984}"
EndProject
Project("{9A19103F-16F7-4668-BE54-9A1E7A4F7556}") = "R5T.D0002", "R5T.D0002\R5T.D0002.csproj", "{80341700-EA54-4627-AA64-D93C438A7AA3}"
EndProject
Project("{2150E333-8FDC-42A3-9474-1A3956D46DE8}") = "_Dependencies", "_Dependencies", "{4D0870BE-7351-469E-8927-01016F3D7146}"
EndProject
Project("{9A19103F-16F7-4668-BE54-9A1E7A4F7556}") = "R5T.D0002.Base", "R5T.D0002.Base\R5T.D0002.Base.csproj", "{3746A2C7-D483-4B80-96B9-9FD06415330F}"
EndProject
Project("{9A19103F-16F7-4668-BE54-9A1E7A4F7556}") = "R5T.Dacia.Extensions", "..\..\R5T.Dacia.Extensions\source\R5T.Dacia.Extensions\R5T.Dacia.Extensions.csproj", "{BAC8B707-2460-4CF3-AFBD-25808E210B58}"
EndProject
Project("{9A19103F-16F7-4668-BE54-9A1E7A4F7556}") = "R5T.Dacia", "..\..\R5T.Dacia\source\R5T.Dacia\R5T.Dacia.csproj", "{54DE7148-722E-43A1-9A7E-7C82BBE9201A}"
EndProject
Project("{9A19103F-16F7-4668-BE54-9A1E7A4F7556}") = "R5T.D0002.Default", "R5T.D0002.Default\R5T.D0002.Default.csproj", "{8F6E6F3E-6223-4CD1-926C-5AD280CEDAEA}"
EndProject
Project("{9A19103F-16F7-4668-BE54-9A1E7A4F7556}") = "R5T.D0002.Standard", "R5T.D0002.Standard\R5T.D0002.Standard.csproj", "{EFD1CD3E-E447-47FC-85DF-91C7FCF103D3}"
EndProject
Project("{9A19103F-16F7-4668-BE54-9A1E7A4F7556}") = "R5T.T0064", "..\..\R5T.T0064\source\R5T.T0064\R5T.T0064.csproj", "{AFD434CA-1069-44B8-94B2-7A9CC6F3F7A2}"
EndProject
Global
	GlobalSection(SolutionConfigurationPlatforms) = preSolution
		Debug|Any CPU = Debug|Any CPU
		Debug|x64 = Debug|x64
		Debug|x86 = Debug|x86
		Release|Any CPU = Release|Any CPU
		Release|x64 = Release|x64
		Release|x86 = Release|x86
	EndGlobalSection
	GlobalSection(ProjectConfigurationPlatforms) = postSolution
		{329CA4BF-3C3E-4AB6-98A7-75D7FF7BB984}.Debug|Any CPU.ActiveCfg = Debug|Any CPU
		{329CA4BF-3C3E-4AB6-98A7-75D7FF7BB984}.Debug|Any CPU.Build.0 = Debug|Any CPU
		{329CA4BF-3C3E-4AB6-98A7-75D7FF7BB984}.Debug|x64.ActiveCfg = Debug|Any CPU
		{329CA4BF-3C3E-4AB6-98A7-75D7FF7BB984}.Debug|x64.Build.0 = Debug|Any CPU
		{329CA4BF-3C3E-4AB6-98A7-75D7FF7BB984}.Debug|x86.ActiveCfg = Debug|Any CPU
		{329CA4BF-3C3E-4AB6-98A7-75D7FF7BB984}.Debug|x86.Build.0 = Debug|Any CPU
		{329CA4BF-3C3E-4AB6-98A7-75D7FF7BB984}.Release|Any CPU.ActiveCfg = Release|Any CPU
		{329CA4BF-3C3E-4AB6-98A7-75D7FF7BB984}.Release|Any CPU.Build.0 = Release|Any CPU
		{329CA4BF-3C3E-4AB6-98A7-75D7FF7BB984}.Release|x64.ActiveCfg = Release|Any CPU
		{329CA4BF-3C3E-4AB6-98A7-75D7FF7BB984}.Release|x64.Build.0 = Release|Any CPU
		{329CA4BF-3C3E-4AB6-98A7-75D7FF7BB984}.Release|x86.ActiveCfg = Release|Any CPU
		{329CA4BF-3C3E-4AB6-98A7-75D7FF7BB984}.Release|x86.Build.0 = Release|Any CPU
		{80341700-EA54-4627-AA64-D93C438A7AA3}.Debug|Any CPU.ActiveCfg = Debug|Any CPU
		{80341700-EA54-4627-AA64-D93C438A7AA3}.Debug|Any CPU.Build.0 = Debug|Any CPU
		{80341700-EA54-4627-AA64-D93C438A7AA3}.Debug|x64.ActiveCfg = Debug|Any CPU
		{80341700-EA54-4627-AA64-D93C438A7AA3}.Debug|x64.Build.0 = Debug|Any CPU
		{80341700-EA54-4627-AA64-D93C438A7AA3}.Debug|x86.ActiveCfg = Debug|Any CPU
		{80341700-EA54-4627-AA64-D93C438A7AA3}.Debug|x86.Build.0 = Debug|Any CPU
		{80341700-EA54-4627-AA64-D93C438A7AA3}.Release|Any CPU.ActiveCfg = Release|Any CPU
		{80341700-EA54-4627-AA64-D93C438A7AA3}.Release|Any CPU.Build.0 = Release|Any CPU
		{80341700-EA54-4627-AA64-D93C438A7AA3}.Release|x64.ActiveCfg = Release|Any CPU
		{80341700-EA54-4627-AA64-D93C438A7AA3}.Release|x64.Build.0 = Release|Any CPU
		{80341700-EA54-4627-AA64-D93C438A7AA3}.Release|x86.ActiveCfg = Release|Any CPU
		{80341700-EA54-4627-AA64-D93C438A7AA3}.Release|x86.Build.0 = Release|Any CPU
		{3746A2C7-D483-4B80-96B9-9FD06415330F}.Debug|Any CPU.ActiveCfg = Debug|Any CPU
		{3746A2C7-D483-4B80-96B9-9FD06415330F}.Debug|Any CPU.Build.0 = Debug|Any CPU
		{3746A2C7-D483-4B80-96B9-9FD06415330F}.Debug|x64.ActiveCfg = Debug|Any CPU
		{3746A2C7-D483-4B80-96B9-9FD06415330F}.Debug|x64.Build.0 = Debug|Any CPU
		{3746A2C7-D483-4B80-96B9-9FD06415330F}.Debug|x86.ActiveCfg = Debug|Any CPU
		{3746A2C7-D483-4B80-96B9-9FD06415330F}.Debug|x86.Build.0 = Debug|Any CPU
		{3746A2C7-D483-4B80-96B9-9FD06415330F}.Release|Any CPU.ActiveCfg = Release|Any CPU
		{3746A2C7-D483-4B80-96B9-9FD06415330F}.Release|Any CPU.Build.0 = Release|Any CPU
		{3746A2C7-D483-4B80-96B9-9FD06415330F}.Release|x64.ActiveCfg = Release|Any CPU
		{3746A2C7-D483-4B80-96B9-9FD06415330F}.Release|x64.Build.0 = Release|Any CPU
		{3746A2C7-D483-4B80-96B9-9FD06415330F}.Release|x86.ActiveCfg = Release|Any CPU
		{3746A2C7-D483-4B80-96B9-9FD06415330F}.Release|x86.Build.0 = Release|Any CPU
		{BAC8B707-2460-4CF3-AFBD-25808E210B58}.Debug|Any CPU.ActiveCfg = Debug|Any CPU
		{BAC8B707-2460-4CF3-AFBD-25808E210B58}.Debug|Any CPU.Build.0 = Debug|Any CPU
		{BAC8B707-2460-4CF3-AFBD-25808E210B58}.Debug|x64.ActiveCfg = Debug|Any CPU
		{BAC8B707-2460-4CF3-AFBD-25808E210B58}.Debug|x64.Build.0 = Debug|Any CPU
		{BAC8B707-2460-4CF3-AFBD-25808E210B58}.Debug|x86.ActiveCfg = Debug|Any CPU
		{BAC8B707-2460-4CF3-AFBD-25808E210B58}.Debug|x86.Build.0 = Debug|Any CPU
		{BAC8B707-2460-4CF3-AFBD-25808E210B58}.Release|Any CPU.ActiveCfg = Release|Any CPU
		{BAC8B707-2460-4CF3-AFBD-25808E210B58}.Release|Any CPU.Build.0 = Release|Any CPU
		{BAC8B707-2460-4CF3-AFBD-25808E210B58}.Release|x64.ActiveCfg = Release|Any CPU
		{BAC8B707-2460-4CF3-AFBD-25808E210B58}.Release|x64.Build.0 = Release|Any CPU
		{BAC8B707-2460-4CF3-AFBD-25808E210B58}.Release|x86.ActiveCfg = Release|Any CPU
		{BAC8B707-2460-4CF3-AFBD-25808E210B58}.Release|x86.Build.0 = Release|Any CPU
		{54DE7148-722E-43A1-9A7E-7C82BBE9201A}.Debug|Any CPU.ActiveCfg = Debug|Any CPU
		{54DE7148-722E-43A1-9A7E-7C82BBE9201A}.Debug|Any CPU.Build.0 = Debug|Any CPU
		{54DE7148-722E-43A1-9A7E-7C82BBE9201A}.Debug|x64.ActiveCfg = Debug|Any CPU
		{54DE7148-722E-43A1-9A7E-7C82BBE9201A}.Debug|x64.Build.0 = Debug|Any CPU
		{54DE7148-722E-43A1-9A7E-7C82BBE9201A}.Debug|x86.ActiveCfg = Debug|Any CPU
		{54DE7148-722E-43A1-9A7E-7C82BBE9201A}.Debug|x86.Build.0 = Debug|Any CPU
		{54DE7148-722E-43A1-9A7E-7C82BBE9201A}.Release|Any CPU.ActiveCfg = Release|Any CPU
		{54DE7148-722E-43A1-9A7E-7C82BBE9201A}.Release|Any CPU.Build.0 = Release|Any CPU
		{54DE7148-722E-43A1-9A7E-7C82BBE9201A}.Release|x64.ActiveCfg = Release|Any CPU
		{54DE7148-722E-43A1-9A7E-7C82BBE9201A}.Release|x64.Build.0 = Release|Any CPU
		{54DE7148-722E-43A1-9A7E-7C82BBE9201A}.Release|x86.ActiveCfg = Release|Any CPU
		{54DE7148-722E-43A1-9A7E-7C82BBE9201A}.Release|x86.Build.0 = Release|Any CPU
		{8F6E6F3E-6223-4CD1-926C-5AD280CEDAEA}.Debug|Any CPU.ActiveCfg = Debug|Any CPU
		{8F6E6F3E-6223-4CD1-926C-5AD280CEDAEA}.Debug|Any CPU.Build.0 = Debug|Any CPU
		{8F6E6F3E-6223-4CD1-926C-5AD280CEDAEA}.Debug|x64.ActiveCfg = Debug|Any CPU
		{8F6E6F3E-6223-4CD1-926C-5AD280CEDAEA}.Debug|x64.Build.0 = Debug|Any CPU
		{8F6E6F3E-6223-4CD1-926C-5AD280CEDAEA}.Debug|x86.ActiveCfg = Debug|Any CPU
		{8F6E6F3E-6223-4CD1-926C-5AD280CEDAEA}.Debug|x86.Build.0 = Debug|Any CPU
		{8F6E6F3E-6223-4CD1-926C-5AD280CEDAEA}.Release|Any CPU.ActiveCfg = Release|Any CPU
		{8F6E6F3E-6223-4CD1-926C-5AD280CEDAEA}.Release|Any CPU.Build.0 = Release|Any CPU
		{8F6E6F3E-6223-4CD1-926C-5AD280CEDAEA}.Release|x64.ActiveCfg = Release|Any CPU
		{8F6E6F3E-6223-4CD1-926C-5AD280CEDAEA}.Release|x64.Build.0 = Release|Any CPU
		{8F6E6F3E-6223-4CD1-926C-5AD280CEDAEA}.Release|x86.ActiveCfg = Release|Any CPU
		{8F6E6F3E-6223-4CD1-926C-5AD280CEDAEA}.Release|x86.Build.0 = Release|Any CPU
		{EFD1CD3E-E447-47FC-85DF-91C7FCF103D3}.Debug|Any CPU.ActiveCfg = Debug|Any CPU
		{EFD1CD3E-E447-47FC-85DF-91C7FCF103D3}.Debug|Any CPU.Build.0 = Debug|Any CPU
		{EFD1CD3E-E447-47FC-85DF-91C7FCF103D3}.Debug|x64.ActiveCfg = Debug|Any CPU
		{EFD1CD3E-E447-47FC-85DF-91C7FCF103D3}.Debug|x64.Build.0 = Debug|Any CPU
		{EFD1CD3E-E447-47FC-85DF-91C7FCF103D3}.Debug|x86.ActiveCfg = Debug|Any CPU
		{EFD1CD3E-E447-47FC-85DF-91C7FCF103D3}.Debug|x86.Build.0 = Debug|Any CPU
		{EFD1CD3E-E447-47FC-85DF-91C7FCF103D3}.Release|Any CPU.ActiveCfg = Release|Any CPU
		{EFD1CD3E-E447-47FC-85DF-91C7FCF103D3}.Release|Any CPU.Build.0 = Release|Any CPU
		{EFD1CD3E-E447-47FC-85DF-91C7FCF103D3}.Release|x64.ActiveCfg = Release|Any CPU
		{EFD1CD3E-E447-47FC-85DF-91C7FCF103D3}.Release|x64.Build.0 = Release|Any CPU
		{EFD1CD3E-E447-47FC-85DF-91C7FCF103D3}.Release|x86.ActiveCfg = Release|Any CPU
		{EFD1CD3E-E447-47FC-85DF-91C7FCF103D3}.Release|x86.Build.0 = Release|Any CPU
		{AFD434CA-1069-44B8-94B2-7A9CC6F3F7A2}.Debug|Any CPU.ActiveCfg = Debug|Any CPU
		{AFD434CA-1069-44B8-94B2-7A9CC6F3F7A2}.Debug|Any CPU.Build.0 = Debug|Any CPU
		{AFD434CA-1069-44B8-94B2-7A9CC6F3F7A2}.Debug|x64.ActiveCfg = Debug|Any CPU
		{AFD434CA-1069-44B8-94B2-7A9CC6F3F7A2}.Debug|x64.Build.0 = Debug|Any CPU
		{AFD434CA-1069-44B8-94B2-7A9CC6F3F7A2}.Debug|x86.ActiveCfg = Debug|Any CPU
		{AFD434CA-1069-44B8-94B2-7A9CC6F3F7A2}.Debug|x86.Build.0 = Debug|Any CPU
		{AFD434CA-1069-44B8-94B2-7A9CC6F3F7A2}.Release|Any CPU.ActiveCfg = Release|Any CPU
		{AFD434CA-1069-44B8-94B2-7A9CC6F3F7A2}.Release|Any CPU.Build.0 = Release|Any CPU
		{AFD434CA-1069-44B8-94B2-7A9CC6F3F7A2}.Release|x64.ActiveCfg = Release|Any CPU
		{AFD434CA-1069-44B8-94B2-7A9CC6F3F7A2}.Release|x64.Build.0 = Release|Any CPU
		{AFD434CA-1069-44B8-94B2-7A9CC6F3F7A2}.Release|x86.ActiveCfg = Release|Any CPU
		{AFD434CA-1069-44B8-94B2-7A9CC6F3F7A2}.Release|x86.Build.0 = Release|Any CPU
	EndGlobalSection
	GlobalSection(SolutionProperties) = preSolution
		HideSolutionNode = FALSE
	EndGlobalSection
	GlobalSection(NestedProjects) = preSolution
		{BAC8B707-2460-4CF3-AFBD-25808E210B58} = {4D0870BE-7351-469E-8927-01016F3D7146}
		{54DE7148-722E-43A1-9A7E-7C82BBE9201A} = {4D0870BE-7351-469E-8927-01016F3D7146}
		{AFD434CA-1069-44B8-94B2-7A9CC6F3F7A2} = {4D0870BE-7351-469E-8927-01016F3D7146}
	EndGlobalSection
	GlobalSection(ExtensibilityGlobals) = postSolution
		SolutionGuid = {AF32BB68-05C8-4458-B6FB-FB84DD0BE214}
	EndGlobalSection
EndGlobal
