
Microsoft Visual Studio Solution File, Format Version 12.00
# Visual Studio Version 16
VisualStudioVersion = 16.0.30114.105
MinimumVisualStudioVersion = 10.0.40219.1
Project("{FAE04EC0-301F-11D3-BF4B-00C04F79EFBC}") = "R5T.D0002", "R5T.D0002\R5T.D0002.csproj", "{77CBDBA9-AF72-4B3F-A80C-FF0415F5DF6C}"
EndProject
Project("{FAE04EC0-301F-11D3-BF4B-00C04F79EFBC}") = "R5T.D0002.Base", "R5T.D0002.Base\R5T.D0002.Base.csproj", "{3C464A03-7AC1-4EFD-A53A-BF5645F8AC8A}"
EndProject
Project("{FAE04EC0-301F-11D3-BF4B-00C04F79EFBC}") = "R5T.D0002.Construction", "R5T.D0002.Construction\R5T.D0002.Construction.csproj", "{522CEB86-5F0A-4E52-B364-8E6477366BB0}"
EndProject
Project("{FAE04EC0-301F-11D3-BF4B-00C04F79EFBC}") = "R5T.D0002.Default", "R5T.D0002.Default\R5T.D0002.Default.csproj", "{6458077F-AFEF-409D-9686-7D4CFCAA2F8D}"
EndProject
Project("{FAE04EC0-301F-11D3-BF4B-00C04F79EFBC}") = "R5T.D0002.Standard", "R5T.D0002.Standard\R5T.D0002.Standard.csproj", "{FEDEA199-53AD-427C-AC5A-866BA988BB87}"
EndProject
Project("{2150E333-8FDC-42A3-9474-1A3956D46DE8}") = "_Dependencies", "_Dependencies", "{415353AF-4102-45F3-808D-C497FDA92D8A}"
EndProject
Project("{FAE04EC0-301F-11D3-BF4B-00C04F79EFBC}") = "R5T.T0064", "..\..\R5T.T0064\source\R5T.T0064\R5T.T0064.csproj", "{11198A82-B0C1-418A-9C4F-99771C7F6478}"
EndProject
Global
	GlobalSection(SolutionConfigurationPlatforms) = preSolution
		Debug|Any CPU = Debug|Any CPU
		Debug|x64 = Debug|x64
		Debug|x86 = Debug|x86
		Release|Any CPU = Release|Any CPU
		Release|x64 = Release|x64
		Release|x86 = Release|x86
	EndGlobalSection
	GlobalSection(SolutionProperties) = preSolution
		HideSolutionNode = FALSE
	EndGlobalSection
	GlobalSection(ProjectConfigurationPlatforms) = postSolution
		{77CBDBA9-AF72-4B3F-A80C-FF0415F5DF6C}.Debug|Any CPU.ActiveCfg = Debug|Any CPU
		{77CBDBA9-AF72-4B3F-A80C-FF0415F5DF6C}.Debug|Any CPU.Build.0 = Debug|Any CPU
		{77CBDBA9-AF72-4B3F-A80C-FF0415F5DF6C}.Debug|x64.ActiveCfg = Debug|Any CPU
		{77CBDBA9-AF72-4B3F-A80C-FF0415F5DF6C}.Debug|x64.Build.0 = Debug|Any CPU
		{77CBDBA9-AF72-4B3F-A80C-FF0415F5DF6C}.Debug|x86.ActiveCfg = Debug|Any CPU
		{77CBDBA9-AF72-4B3F-A80C-FF0415F5DF6C}.Debug|x86.Build.0 = Debug|Any CPU
		{77CBDBA9-AF72-4B3F-A80C-FF0415F5DF6C}.Release|Any CPU.ActiveCfg = Release|Any CPU
		{77CBDBA9-AF72-4B3F-A80C-FF0415F5DF6C}.Release|Any CPU.Build.0 = Release|Any CPU
		{77CBDBA9-AF72-4B3F-A80C-FF0415F5DF6C}.Release|x64.ActiveCfg = Release|Any CPU
		{77CBDBA9-AF72-4B3F-A80C-FF0415F5DF6C}.Release|x64.Build.0 = Release|Any CPU
		{77CBDBA9-AF72-4B3F-A80C-FF0415F5DF6C}.Release|x86.ActiveCfg = Release|Any CPU
		{77CBDBA9-AF72-4B3F-A80C-FF0415F5DF6C}.Release|x86.Build.0 = Release|Any CPU
		{3C464A03-7AC1-4EFD-A53A-BF5645F8AC8A}.Debug|Any CPU.ActiveCfg = Debug|Any CPU
		{3C464A03-7AC1-4EFD-A53A-BF5645F8AC8A}.Debug|Any CPU.Build.0 = Debug|Any CPU
		{3C464A03-7AC1-4EFD-A53A-BF5645F8AC8A}.Debug|x64.ActiveCfg = Debug|Any CPU
		{3C464A03-7AC1-4EFD-A53A-BF5645F8AC8A}.Debug|x64.Build.0 = Debug|Any CPU
		{3C464A03-7AC1-4EFD-A53A-BF5645F8AC8A}.Debug|x86.ActiveCfg = Debug|Any CPU
		{3C464A03-7AC1-4EFD-A53A-BF5645F8AC8A}.Debug|x86.Build.0 = Debug|Any CPU
		{3C464A03-7AC1-4EFD-A53A-BF5645F8AC8A}.Release|Any CPU.ActiveCfg = Release|Any CPU
		{3C464A03-7AC1-4EFD-A53A-BF5645F8AC8A}.Release|Any CPU.Build.0 = Release|Any CPU
		{3C464A03-7AC1-4EFD-A53A-BF5645F8AC8A}.Release|x64.ActiveCfg = Release|Any CPU
		{3C464A03-7AC1-4EFD-A53A-BF5645F8AC8A}.Release|x64.Build.0 = Release|Any CPU
		{3C464A03-7AC1-4EFD-A53A-BF5645F8AC8A}.Release|x86.ActiveCfg = Release|Any CPU
		{3C464A03-7AC1-4EFD-A53A-BF5645F8AC8A}.Release|x86.Build.0 = Release|Any CPU
		{522CEB86-5F0A-4E52-B364-8E6477366BB0}.Debug|Any CPU.ActiveCfg = Debug|Any CPU
		{522CEB86-5F0A-4E52-B364-8E6477366BB0}.Debug|Any CPU.Build.0 = Debug|Any CPU
		{522CEB86-5F0A-4E52-B364-8E6477366BB0}.Debug|x64.ActiveCfg = Debug|Any CPU
		{522CEB86-5F0A-4E52-B364-8E6477366BB0}.Debug|x64.Build.0 = Debug|Any CPU
		{522CEB86-5F0A-4E52-B364-8E6477366BB0}.Debug|x86.ActiveCfg = Debug|Any CPU
		{522CEB86-5F0A-4E52-B364-8E6477366BB0}.Debug|x86.Build.0 = Debug|Any CPU
		{522CEB86-5F0A-4E52-B364-8E6477366BB0}.Release|Any CPU.ActiveCfg = Release|Any CPU
		{522CEB86-5F0A-4E52-B364-8E6477366BB0}.Release|Any CPU.Build.0 = Release|Any CPU
		{522CEB86-5F0A-4E52-B364-8E6477366BB0}.Release|x64.ActiveCfg = Release|Any CPU
		{522CEB86-5F0A-4E52-B364-8E6477366BB0}.Release|x64.Build.0 = Release|Any CPU
		{522CEB86-5F0A-4E52-B364-8E6477366BB0}.Release|x86.ActiveCfg = Release|Any CPU
		{522CEB86-5F0A-4E52-B364-8E6477366BB0}.Release|x86.Build.0 = Release|Any CPU
		{6458077F-AFEF-409D-9686-7D4CFCAA2F8D}.Debug|Any CPU.ActiveCfg = Debug|Any CPU
		{6458077F-AFEF-409D-9686-7D4CFCAA2F8D}.Debug|Any CPU.Build.0 = Debug|Any CPU
		{6458077F-AFEF-409D-9686-7D4CFCAA2F8D}.Debug|x64.ActiveCfg = Debug|Any CPU
		{6458077F-AFEF-409D-9686-7D4CFCAA2F8D}.Debug|x64.Build.0 = Debug|Any CPU
		{6458077F-AFEF-409D-9686-7D4CFCAA2F8D}.Debug|x86.ActiveCfg = Debug|Any CPU
		{6458077F-AFEF-409D-9686-7D4CFCAA2F8D}.Debug|x86.Build.0 = Debug|Any CPU
		{6458077F-AFEF-409D-9686-7D4CFCAA2F8D}.Release|Any CPU.ActiveCfg = Release|Any CPU
		{6458077F-AFEF-409D-9686-7D4CFCAA2F8D}.Release|Any CPU.Build.0 = Release|Any CPU
		{6458077F-AFEF-409D-9686-7D4CFCAA2F8D}.Release|x64.ActiveCfg = Release|Any CPU
		{6458077F-AFEF-409D-9686-7D4CFCAA2F8D}.Release|x64.Build.0 = Release|Any CPU
		{6458077F-AFEF-409D-9686-7D4CFCAA2F8D}.Release|x86.ActiveCfg = Release|Any CPU
		{6458077F-AFEF-409D-9686-7D4CFCAA2F8D}.Release|x86.Build.0 = Release|Any CPU
		{FEDEA199-53AD-427C-AC5A-866BA988BB87}.Debug|Any CPU.ActiveCfg = Debug|Any CPU
		{FEDEA199-53AD-427C-AC5A-866BA988BB87}.Debug|Any CPU.Build.0 = Debug|Any CPU
		{FEDEA199-53AD-427C-AC5A-866BA988BB87}.Debug|x64.ActiveCfg = Debug|Any CPU
		{FEDEA199-53AD-427C-AC5A-866BA988BB87}.Debug|x64.Build.0 = Debug|Any CPU
		{FEDEA199-53AD-427C-AC5A-866BA988BB87}.Debug|x86.ActiveCfg = Debug|Any CPU
		{FEDEA199-53AD-427C-AC5A-866BA988BB87}.Debug|x86.Build.0 = Debug|Any CPU
		{FEDEA199-53AD-427C-AC5A-866BA988BB87}.Release|Any CPU.ActiveCfg = Release|Any CPU
		{FEDEA199-53AD-427C-AC5A-866BA988BB87}.Release|Any CPU.Build.0 = Release|Any CPU
		{FEDEA199-53AD-427C-AC5A-866BA988BB87}.Release|x64.ActiveCfg = Release|Any CPU
		{FEDEA199-53AD-427C-AC5A-866BA988BB87}.Release|x64.Build.0 = Release|Any CPU
		{FEDEA199-53AD-427C-AC5A-866BA988BB87}.Release|x86.ActiveCfg = Release|Any CPU
		{FEDEA199-53AD-427C-AC5A-866BA988BB87}.Release|x86.Build.0 = Release|Any CPU
		{11198A82-B0C1-418A-9C4F-99771C7F6478}.Debug|Any CPU.ActiveCfg = Debug|Any CPU
		{11198A82-B0C1-418A-9C4F-99771C7F6478}.Debug|Any CPU.Build.0 = Debug|Any CPU
		{11198A82-B0C1-418A-9C4F-99771C7F6478}.Debug|x64.ActiveCfg = Debug|Any CPU
		{11198A82-B0C1-418A-9C4F-99771C7F6478}.Debug|x64.Build.0 = Debug|Any CPU
		{11198A82-B0C1-418A-9C4F-99771C7F6478}.Debug|x86.ActiveCfg = Debug|Any CPU
		{11198A82-B0C1-418A-9C4F-99771C7F6478}.Debug|x86.Build.0 = Debug|Any CPU
		{11198A82-B0C1-418A-9C4F-99771C7F6478}.Release|Any CPU.ActiveCfg = Release|Any CPU
		{11198A82-B0C1-418A-9C4F-99771C7F6478}.Release|Any CPU.Build.0 = Release|Any CPU
		{11198A82-B0C1-418A-9C4F-99771C7F6478}.Release|x64.ActiveCfg = Release|Any CPU
		{11198A82-B0C1-418A-9C4F-99771C7F6478}.Release|x64.Build.0 = Release|Any CPU
		{11198A82-B0C1-418A-9C4F-99771C7F6478}.Release|x86.ActiveCfg = Release|Any CPU
		{11198A82-B0C1-418A-9C4F-99771C7F6478}.Release|x86.Build.0 = Release|Any CPU
	EndGlobalSection
	GlobalSection(NestedProjects) = preSolution
		{11198A82-B0C1-418A-9C4F-99771C7F6478} = {415353AF-4102-45F3-808D-C497FDA92D8A}
	EndGlobalSection
EndGlobal
